# This file is automatically @generated by Cargo.
# It is not intended for manual editing.
[[package]]
name = "mock_instant"
version = "0.2.1"
source = "registry+https://github.com/rust-lang/crates.io-index"
checksum = "717e29a243b81f8130e31e24e04fb151b04a44b5a7d05370935f7d937e9de06d"

[[package]]
name = "rsnano"
version = "0.1.0"
dependencies = [
 "mock_instant",
]
